
Microsoft Visual Studio Solution File, Format Version 12.00
# Visual Studio Version 17
VisualStudioVersion = 17.14.36511.14
MinimumVisualStudioVersion = 10.0.40219.1
Project("{FAE04EC0-301F-11D3-BF4B-00C04F79EFBC}") = "MiniHttpServer", "MiniHttpServer\MiniHttpServer.csproj", "{6B915274-3287-422A-BF60-2EA8169E0D6F}"
EndProject
Project("{FAE04EC0-301F-11D3-BF4B-00C04F79EFBC}") = "MiniTemplateEngine", "MiniTemplateEngine\MiniTemplateEngine.csproj", "{684D1ABE-B7AE-44C1-B18E-3ACDAD1DEAFC}"
EndProject
Project("{FAE04EC0-301F-11D3-BF4B-00C04F79EFBC}") = "MiniTemplateEngineUnitTests", "MiniTemplateEngineUnitTests\MiniTemplateEngineUnitTests.csproj", "{300EDFDA-80FB-4507-8F20-794500843F94}"
EndProject
Global
	GlobalSection(SolutionConfigurationPlatforms) = preSolution
		Debug|Any CPU = Debug|Any CPU
		Release|Any CPU = Release|Any CPU
	EndGlobalSection
	GlobalSection(ProjectConfigurationPlatforms) = postSolution
		{6B915274-3287-422A-BF60-2EA8169E0D6F}.Debug|Any CPU.ActiveCfg = Debug|Any CPU
		{6B915274-3287-422A-BF60-2EA8169E0D6F}.Debug|Any CPU.Build.0 = Debug|Any CPU
		{6B915274-3287-422A-BF60-2EA8169E0D6F}.Release|Any CPU.ActiveCfg = Release|Any CPU
		{6B915274-3287-422A-BF60-2EA8169E0D6F}.Release|Any CPU.Build.0 = Release|Any CPU
		{684D1ABE-B7AE-44C1-B18E-3ACDAD1DEAFC}.Debug|Any CPU.ActiveCfg = Debug|Any CPU
		{684D1ABE-B7AE-44C1-B18E-3ACDAD1DEAFC}.Debug|Any CPU.Build.0 = Debug|Any CPU
		{684D1ABE-B7AE-44C1-B18E-3ACDAD1DEAFC}.Release|Any CPU.ActiveCfg = Release|Any CPU
		{684D1ABE-B7AE-44C1-B18E-3ACDAD1DEAFC}.Release|Any CPU.Build.0 = Release|Any CPU
		{300EDFDA-80FB-4507-8F20-794500843F94}.Debug|Any CPU.ActiveCfg = Debug|Any CPU
		{300EDFDA-80FB-4507-8F20-794500843F94}.Debug|Any CPU.Build.0 = Debug|Any CPU
		{300EDFDA-80FB-4507-8F20-794500843F94}.Release|Any CPU.ActiveCfg = Release|Any CPU
		{300EDFDA-80FB-4507-8F20-794500843F94}.Release|Any CPU.Build.0 = Release|Any CPU
	EndGlobalSection
	GlobalSection(SolutionProperties) = preSolution
		HideSolutionNode = FALSE
	EndGlobalSection
	GlobalSection(ExtensibilityGlobals) = postSolution
		SolutionGuid = {CB7E2B40-9BA3-4D63-81A7-C094D7BEAA06}
	EndGlobalSection
EndGlobal
